
Microsoft Visual Studio Solution File, Format Version 12.00
# Visual Studio 15
VisualStudioVersion = 15.0.27004.2005
MinimumVisualStudioVersion = 10.0.40219.1
Project("{9A19103F-16F7-4668-BE54-9A1E7A4F7556}") = "Unity.log4net", "src\Unity.log4net.csproj", "{37B43F02-ECE1-41BA-BF0D-B5F616C165E2}"
EndProject
Project("{9A19103F-16F7-4668-BE54-9A1E7A4F7556}") = "log4net.Tests", "tests\log4net.Tests.csproj", "{24F010E4-E4FC-4D82-81F4-881FEE8F7ABC}"
EndProject
Global
	GlobalSection(SolutionConfigurationPlatforms) = preSolution
		Debug|Any CPU = Debug|Any CPU
		Release|Any CPU = Release|Any CPU
	EndGlobalSection
	GlobalSection(ProjectConfigurationPlatforms) = postSolution
		{37B43F02-ECE1-41BA-BF0D-B5F616C165E2}.Debug|Any CPU.ActiveCfg = Debug|Any CPU
		{37B43F02-ECE1-41BA-BF0D-B5F616C165E2}.Debug|Any CPU.Build.0 = Debug|Any CPU
		{37B43F02-ECE1-41BA-BF0D-B5F616C165E2}.Release|Any CPU.ActiveCfg = Release|Any CPU
		{37B43F02-ECE1-41BA-BF0D-B5F616C165E2}.Release|Any CPU.Build.0 = Release|Any CPU
		{24F010E4-E4FC-4D82-81F4-881FEE8F7ABC}.Debug|Any CPU.ActiveCfg = Debug|Any CPU
		{24F010E4-E4FC-4D82-81F4-881FEE8F7ABC}.Debug|Any CPU.Build.0 = Debug|Any CPU
		{24F010E4-E4FC-4D82-81F4-881FEE8F7ABC}.Release|Any CPU.ActiveCfg = Release|Any CPU
		{24F010E4-E4FC-4D82-81F4-881FEE8F7ABC}.Release|Any CPU.Build.0 = Release|Any CPU
	EndGlobalSection
	GlobalSection(SolutionProperties) = preSolution
		HideSolutionNode = FALSE
	EndGlobalSection
	GlobalSection(ExtensibilityGlobals) = postSolution
		SolutionGuid = {F9EAE93A-CE20-498A-8BC7-183974E8323A}
	EndGlobalSection
EndGlobal
